
Microsoft Visual Studio Solution File, Format Version 12.00
# Visual Studio Version 16
VisualStudioVersion = 16.0.31702.278
MinimumVisualStudioVersion = 10.0.40219.1
Project("{FAE04EC0-301F-11D3-BF4B-00C04F79EFBC}") = "MQTTTest", "MQTTTest\MQTTTest.csproj", "{A800B47A-A308-47D2-AC44-A1656C771698}"
EndProject
Global
	GlobalSection(SolutionConfigurationPlatforms) = preSolution
		Debug|Any CPU = Debug|Any CPU
		Release|Any CPU = Release|Any CPU
	EndGlobalSection
	GlobalSection(ProjectConfigurationPlatforms) = postSolution
		{A800B47A-A308-47D2-AC44-A1656C771698}.Debug|Any CPU.ActiveCfg = Debug|Any CPU
		{A800B47A-A308-47D2-AC44-A1656C771698}.Debug|Any CPU.Build.0 = Debug|Any CPU
		{A800B47A-A308-47D2-AC44-A1656C771698}.Release|Any CPU.ActiveCfg = Release|Any CPU
		{A800B47A-A308-47D2-AC44-A1656C771698}.Release|Any CPU.Build.0 = Release|Any CPU
	EndGlobalSection
	GlobalSection(SolutionProperties) = preSolution
		HideSolutionNode = FALSE
	EndGlobalSection
	GlobalSection(ExtensibilityGlobals) = postSolution
		SolutionGuid = {98B0ACBB-EA17-4A4C-B605-2E6A394354F9}
	EndGlobalSection
EndGlobal
